// !$*UTF8*$!
{
	archiveVersion = 1;
	classes = {
	};
	objectVersion = 46;
	objects = {

/* Begin PBXBuildFile section */
		946A37961A22D669005A5ADE /* AppDelegate.swift in Sources */ = {isa = PBXBuildFile; fileRef = 946A37951A22D669005A5ADE /* AppDelegate.swift */; };
		946A37991A22D669005A5ADE /* travel_expense.xcdatamodeld in Sources */ = {isa = PBXBuildFile; fileRef = 946A37971A22D669005A5ADE /* travel_expense.xcdatamodeld */; };
		946A37A01A22D669005A5ADE /* Images.xcassets in Resources */ = {isa = PBXBuildFile; fileRef = 946A379F1A22D669005A5ADE /* Images.xcassets */; };
		946A37A31A22D669005A5ADE /* LaunchScreen.xib in Resources */ = {isa = PBXBuildFile; fileRef = 946A37A11A22D669005A5ADE /* LaunchScreen.xib */; };
		946A37AF1A22D669005A5ADE /* travel_expenseTests.swift in Sources */ = {isa = PBXBuildFile; fileRef = 946A37AE1A22D669005A5ADE /* travel_expenseTests.swift */; };
		946A37B91A22D7DC005A5ADE /* Main.storyboard in Resources */ = {isa = PBXBuildFile; fileRef = 946A37B81A22D7DC005A5ADE /* Main.storyboard */; };
		946A37BB1A22E50D005A5ADE /* TripListTableViewController.swift in Sources */ = {isa = PBXBuildFile; fileRef = 946A37BA1A22E50D005A5ADE /* TripListTableViewController.swift */; };
		946A37BD1A22E527005A5ADE /* TripViewController.swift in Sources */ = {isa = PBXBuildFile; fileRef = 946A37BC1A22E527005A5ADE /* TripViewController.swift */; };
		946A37C11A231495005A5ADE /* Trip.swift in Sources */ = {isa = PBXBuildFile; fileRef = 946A37C01A231495005A5ADE /* Trip.swift */; };
		946A37C31A234132005A5ADE /* TripDataModel.swift in Sources */ = {isa = PBXBuildFile; fileRef = 946A37C21A234132005A5ADE /* TripDataModel.swift */; };
		946A37C51A234B82005A5ADE /* ReportViewController.swift in Sources */ = {isa = PBXBuildFile; fileRef = 946A37C41A234B82005A5ADE /* ReportViewController.swift */; };
		9CE7DCA41A2562AC00968DB8 /* GraphTheme.swift in Sources */ = {isa = PBXBuildFile; fileRef = 9CE7DCA31A2562AC00968DB8 /* GraphTheme.swift */; };
		9CEDFEDC1A2518F9003AC502 /* libCorePlot-CocoaTouch.a in Frameworks */ = {isa = PBXBuildFile; fileRef = 9CEDFED91A251821003AC502 /* libCorePlot-CocoaTouch.a */; };
		9CEDFEDE1A25190C003AC502 /* Foundation.framework in Frameworks */ = {isa = PBXBuildFile; fileRef = 9CEDFEDD1A25190C003AC502 /* Foundation.framework */; };
		9CEDFEE01A251911003AC502 /* UIKit.framework in Frameworks */ = {isa = PBXBuildFile; fileRef = 9CEDFEDF1A251911003AC502 /* UIKit.framework */; };
		9CEDFEE21A251924003AC502 /* CoreGraphics.framework in Frameworks */ = {isa = PBXBuildFile; fileRef = 9CEDFEE11A251924003AC502 /* CoreGraphics.framework */; };
		9CEDFEE41A25192B003AC502 /* QuartzCore.framework in Frameworks */ = {isa = PBXBuildFile; fileRef = 9CEDFEE31A25192B003AC502 /* QuartzCore.framework */; };
		9CEDFEE61A251931003AC502 /* Accelerate.framework in Frameworks */ = {isa = PBXBuildFile; fileRef = 9CEDFEE51A251931003AC502 /* Accelerate.framework */; };
		9CEDFEEA1A251B1C003AC502 /* PieChartViewController.swift in Sources */ = {isa = PBXBuildFile; fileRef = 9CEDFEE91A251B1C003AC502 /* PieChartViewController.swift */; };
/* End PBXBuildFile section */

/* Begin PBXContainerItemProxy section */
		946A37A91A22D669005A5ADE /* PBXContainerItemProxy */ = {
			isa = PBXContainerItemProxy;
			containerPortal = 946A37881A22D668005A5ADE /* Project object */;
			proxyType = 1;
			remoteGlobalIDString = 946A378F1A22D668005A5ADE;
			remoteInfo = "travel-expense";
		};
		9CEDFED81A251821003AC502 /* PBXContainerItemProxy */ = {
			isa = PBXContainerItemProxy;
			containerPortal = 9CEDFED21A251821003AC502 /* CorePlot-CocoaTouch.xcodeproj */;
			proxyType = 2;
			remoteGlobalIDString = BC9B83470FB8A0A40035D8DA;
			remoteInfo = "CorePlot-CocoaTouch";
		};
/* End PBXContainerItemProxy section */

/* Begin PBXFileReference section */
		946A37901A22D668005A5ADE /* travel-expense.app */ = {isa = PBXFileReference; explicitFileType = wrapper.application; includeInIndex = 0; path = "travel-expense.app"; sourceTree = BUILT_PRODUCTS_DIR; };
		946A37941A22D669005A5ADE /* Info.plist */ = {isa = PBXFileReference; lastKnownFileType = text.plist.xml; path = Info.plist; sourceTree = "<group>"; };
		946A37951A22D669005A5ADE /* AppDelegate.swift */ = {isa = PBXFileReference; lastKnownFileType = sourcecode.swift; path = AppDelegate.swift; sourceTree = "<group>"; };
		946A37981A22D669005A5ADE /* travel_expense.xcdatamodel */ = {isa = PBXFileReference; lastKnownFileType = wrapper.xcdatamodel; path = travel_expense.xcdatamodel; sourceTree = "<group>"; };
		946A379F1A22D669005A5ADE /* Images.xcassets */ = {isa = PBXFileReference; lastKnownFileType = folder.assetcatalog; path = Images.xcassets; sourceTree = "<group>"; };
		946A37A21A22D669005A5ADE /* Base */ = {isa = PBXFileReference; lastKnownFileType = file.xib; name = Base; path = Base.lproj/LaunchScreen.xib; sourceTree = "<group>"; };
		946A37A81A22D669005A5ADE /* travel-expenseTests.xctest */ = {isa = PBXFileReference; explicitFileType = wrapper.cfbundle; includeInIndex = 0; path = "travel-expenseTests.xctest"; sourceTree = BUILT_PRODUCTS_DIR; };
		946A37AD1A22D669005A5ADE /* Info.plist */ = {isa = PBXFileReference; lastKnownFileType = text.plist.xml; path = Info.plist; sourceTree = "<group>"; };
		946A37AE1A22D669005A5ADE /* travel_expenseTests.swift */ = {isa = PBXFileReference; lastKnownFileType = sourcecode.swift; path = travel_expenseTests.swift; sourceTree = "<group>"; };
		946A37B81A22D7DC005A5ADE /* Main.storyboard */ = {isa = PBXFileReference; fileEncoding = 4; lastKnownFileType = file.storyboard; path = Main.storyboard; sourceTree = "<group>"; };
		946A37BA1A22E50D005A5ADE /* TripListTableViewController.swift */ = {isa = PBXFileReference; fileEncoding = 4; lastKnownFileType = sourcecode.swift; path = TripListTableViewController.swift; sourceTree = "<group>"; };
		946A37BC1A22E527005A5ADE /* TripViewController.swift */ = {isa = PBXFileReference; fileEncoding = 4; lastKnownFileType = sourcecode.swift; path = TripViewController.swift; sourceTree = "<group>"; };
		946A37C01A231495005A5ADE /* Trip.swift */ = {isa = PBXFileReference; fileEncoding = 4; lastKnownFileType = sourcecode.swift; path = Trip.swift; sourceTree = "<group>"; };
		946A37C21A234132005A5ADE /* TripDataModel.swift */ = {isa = PBXFileReference; fileEncoding = 4; lastKnownFileType = sourcecode.swift; path = TripDataModel.swift; sourceTree = "<group>"; };
		946A37C41A234B82005A5ADE /* ReportViewController.swift */ = {isa = PBXFileReference; fileEncoding = 4; lastKnownFileType = sourcecode.swift; path = ReportViewController.swift; sourceTree = "<group>"; };
		9CE7DCA31A2562AC00968DB8 /* GraphTheme.swift */ = {isa = PBXFileReference; fileEncoding = 4; lastKnownFileType = sourcecode.swift; path = GraphTheme.swift; sourceTree = "<group>"; };
		9CEDFED21A251821003AC502 /* CorePlot-CocoaTouch.xcodeproj */ = {isa = PBXFileReference; lastKnownFileType = "wrapper.pb-project"; name = "CorePlot-CocoaTouch.xcodeproj"; path = "framework/CorePlot-CocoaTouch.xcodeproj"; sourceTree = "<group>"; };
		9CEDFEDD1A25190C003AC502 /* Foundation.framework */ = {isa = PBXFileReference; lastKnownFileType = wrapper.framework; name = Foundation.framework; path = System/Library/Frameworks/Foundation.framework; sourceTree = SDKROOT; };
		9CEDFEDF1A251911003AC502 /* UIKit.framework */ = {isa = PBXFileReference; lastKnownFileType = wrapper.framework; name = UIKit.framework; path = System/Library/Frameworks/UIKit.framework; sourceTree = SDKROOT; };
		9CEDFEE11A251924003AC502 /* CoreGraphics.framework */ = {isa = PBXFileReference; lastKnownFileType = wrapper.framework; name = CoreGraphics.framework; path = System/Library/Frameworks/CoreGraphics.framework; sourceTree = SDKROOT; };
		9CEDFEE31A25192B003AC502 /* QuartzCore.framework */ = {isa = PBXFileReference; lastKnownFileType = wrapper.framework; name = QuartzCore.framework; path = System/Library/Frameworks/QuartzCore.framework; sourceTree = SDKROOT; };
		9CEDFEE51A251931003AC502 /* Accelerate.framework */ = {isa = PBXFileReference; lastKnownFileType = wrapper.framework; name = Accelerate.framework; path = System/Library/Frameworks/Accelerate.framework; sourceTree = SDKROOT; };
		9CEDFEE71A2519D8003AC502 /* travel_expense_bridge_header.h */ = {isa = PBXFileReference; lastKnownFileType = sourcecode.c.h; path = travel_expense_bridge_header.h; sourceTree = "<group>"; };
		9CEDFEE91A251B1C003AC502 /* PieChartViewController.swift */ = {isa = PBXFileReference; fileEncoding = 4; lastKnownFileType = sourcecode.swift; path = PieChartViewController.swift; sourceTree = "<group>"; };
/* End PBXFileReference section */

/* Begin PBXFrameworksBuildPhase section */
		946A378D1A22D668005A5ADE /* Frameworks */ = {
			isa = PBXFrameworksBuildPhase;
			buildActionMask = 2147483647;
			files = (
				9CEDFEDE1A25190C003AC502 /* Foundation.framework in Frameworks */,
				9CEDFEE01A251911003AC502 /* UIKit.framework in Frameworks */,
				9CEDFEE21A251924003AC502 /* CoreGraphics.framework in Frameworks */,
				9CEDFEDC1A2518F9003AC502 /* libCorePlot-CocoaTouch.a in Frameworks */,
				9CEDFEE41A25192B003AC502 /* QuartzCore.framework in Frameworks */,
				9CEDFEE61A251931003AC502 /* Accelerate.framework in Frameworks */,
			);
			runOnlyForDeploymentPostprocessing = 0;
		};
		946A37A51A22D669005A5ADE /* Frameworks */ = {
			isa = PBXFrameworksBuildPhase;
			buildActionMask = 2147483647;
			files = (
			);
			runOnlyForDeploymentPostprocessing = 0;
		};
/* End PBXFrameworksBuildPhase section */

/* Begin PBXGroup section */
		946A37871A22D668005A5ADE = {
			isa = PBXGroup;
			children = (
				9CEDFED21A251821003AC502 /* CorePlot-CocoaTouch.xcodeproj */,
				946A37921A22D668005A5ADE /* travel-expense */,
				946A37AB1A22D669005A5ADE /* travel-expenseTests */,
				946A37911A22D668005A5ADE /* Products */,
			);
			sourceTree = "<group>";
		};
		946A37911A22D668005A5ADE /* Products */ = {
			isa = PBXGroup;
			children = (
				946A37901A22D668005A5ADE /* travel-expense.app */,
				946A37A81A22D669005A5ADE /* travel-expenseTests.xctest */,
			);
			name = Products;
			sourceTree = "<group>";
		};
		946A37921A22D668005A5ADE /* travel-expense */ = {
			isa = PBXGroup;
			children = (
				9CEDFEEB1A251C6B003AC502 /* CorePlot Classes */,
				9CEDFEE81A251A7E003AC502 /* Frameworks */,
				946A37951A22D669005A5ADE /* AppDelegate.swift */,
				946A37C41A234B82005A5ADE /* ReportViewController.swift */,
				946A37BC1A22E527005A5ADE /* TripViewController.swift */,
				946A37BA1A22E50D005A5ADE /* TripListTableViewController.swift */,
				946A37971A22D669005A5ADE /* travel_expense.xcdatamodeld */,
				946A37C21A234132005A5ADE /* TripDataModel.swift */,
				946A37C01A231495005A5ADE /* Trip.swift */,
				946A379F1A22D669005A5ADE /* Images.xcassets */,
				946A37B81A22D7DC005A5ADE /* Main.storyboard */,
				946A37A11A22D669005A5ADE /* LaunchScreen.xib */,
				946A37931A22D669005A5ADE /* Supporting Files */,
			);
			path = "travel-expense";
			sourceTree = "<group>";
		};
		946A37931A22D669005A5ADE /* Supporting Files */ = {
			isa = PBXGroup;
			children = (
				9CEDFEE71A2519D8003AC502 /* travel_expense_bridge_header.h */,
				946A37941A22D669005A5ADE /* Info.plist */,
			);
			name = "Supporting Files";
			sourceTree = "<group>";
		};
		946A37AB1A22D669005A5ADE /* travel-expenseTests */ = {
			isa = PBXGroup;
			children = (
				946A37AE1A22D669005A5ADE /* travel_expenseTests.swift */,
				946A37AC1A22D669005A5ADE /* Supporting Files */,
			);
			path = "travel-expenseTests";
			sourceTree = "<group>";
		};
		946A37AC1A22D669005A5ADE /* Supporting Files */ = {
			isa = PBXGroup;
			children = (
				946A37AD1A22D669005A5ADE /* Info.plist */,
			);
			name = "Supporting Files";
			sourceTree = "<group>";
		};
		9CEDFED31A251821003AC502 /* Products */ = {
			isa = PBXGroup;
			children = (
				9CEDFED91A251821003AC502 /* libCorePlot-CocoaTouch.a */,
			);
			name = Products;
			sourceTree = "<group>";
		};
		9CEDFEE81A251A7E003AC502 /* Frameworks */ = {
			isa = PBXGroup;
			children = (
				9CEDFEE51A251931003AC502 /* Accelerate.framework */,
				9CEDFEE31A25192B003AC502 /* QuartzCore.framework */,
				9CEDFEE11A251924003AC502 /* CoreGraphics.framework */,
				9CEDFEDF1A251911003AC502 /* UIKit.framework */,
				9CEDFEDD1A25190C003AC502 /* Foundation.framework */,
			);
			name = Frameworks;
			path = ..;
			sourceTree = "<group>";
		};
		9CEDFEEB1A251C6B003AC502 /* CorePlot Classes */ = {
			isa = PBXGroup;
			children = (
				9CE7DCA31A2562AC00968DB8 /* GraphTheme.swift */,
				9CEDFEE91A251B1C003AC502 /* PieChartViewController.swift */,
			);
			name = "CorePlot Classes";
			sourceTree = "<group>";
		};
/* End PBXGroup section */

/* Begin PBXNativeTarget section */
		946A378F1A22D668005A5ADE /* travel-expense */ = {
			isa = PBXNativeTarget;
			buildConfigurationList = 946A37B21A22D669005A5ADE /* Build configuration list for PBXNativeTarget "travel-expense" */;
			buildPhases = (
				946A378C1A22D668005A5ADE /* Sources */,
				946A378D1A22D668005A5ADE /* Frameworks */,
				946A378E1A22D668005A5ADE /* Resources */,
			);
			buildRules = (
			);
			dependencies = (
			);
			name = "travel-expense";
			productName = "travel-expense";
			productReference = 946A37901A22D668005A5ADE /* travel-expense.app */;
			productType = "com.apple.product-type.application";
		};
		946A37A71A22D669005A5ADE /* travel-expenseTests */ = {
			isa = PBXNativeTarget;
			buildConfigurationList = 946A37B51A22D669005A5ADE /* Build configuration list for PBXNativeTarget "travel-expenseTests" */;
			buildPhases = (
				946A37A41A22D669005A5ADE /* Sources */,
				946A37A51A22D669005A5ADE /* Frameworks */,
				946A37A61A22D669005A5ADE /* Resources */,
			);
			buildRules = (
			);
			dependencies = (
				946A37AA1A22D669005A5ADE /* PBXTargetDependency */,
			);
			name = "travel-expenseTests";
			productName = "travel-expenseTests";
			productReference = 946A37A81A22D669005A5ADE /* travel-expenseTests.xctest */;
			productType = "com.apple.product-type.bundle.unit-test";
		};
/* End PBXNativeTarget section */

/* Begin PBXProject section */
		946A37881A22D668005A5ADE /* Project object */ = {
			isa = PBXProject;
			attributes = {
				LastUpgradeCheck = 0610;
				ORGANIZATIONNAME = "Saan Saeteurn";
				TargetAttributes = {
					946A378F1A22D668005A5ADE = {
						CreatedOnToolsVersion = 6.1;
					};
					946A37A71A22D669005A5ADE = {
						CreatedOnToolsVersion = 6.1;
						TestTargetID = 946A378F1A22D668005A5ADE;
					};
				};
			};
			buildConfigurationList = 946A378B1A22D668005A5ADE /* Build configuration list for PBXProject "travel-expense" */;
			compatibilityVersion = "Xcode 3.2";
			developmentRegion = English;
			hasScannedForEncodings = 0;
			knownRegions = (
				en,
				Base,
			);
			mainGroup = 946A37871A22D668005A5ADE;
			productRefGroup = 946A37911A22D668005A5ADE /* Products */;
			projectDirPath = "";
			projectReferences = (
				{
					ProductGroup = 9CEDFED31A251821003AC502 /* Products */;
					ProjectRef = 9CEDFED21A251821003AC502 /* CorePlot-CocoaTouch.xcodeproj */;
				},
			);
			projectRoot = "";
			targets = (
				946A378F1A22D668005A5ADE /* travel-expense */,
				946A37A71A22D669005A5ADE /* travel-expenseTests */,
			);
		};
/* End PBXProject section */

/* Begin PBXReferenceProxy section */
		9CEDFED91A251821003AC502 /* libCorePlot-CocoaTouch.a */ = {
			isa = PBXReferenceProxy;
			fileType = archive.ar;
			path = "libCorePlot-CocoaTouch.a";
			remoteRef = 9CEDFED81A251821003AC502 /* PBXContainerItemProxy */;
			sourceTree = BUILT_PRODUCTS_DIR;
		};
/* End PBXReferenceProxy section */

/* Begin PBXResourcesBuildPhase section */
		946A378E1A22D668005A5ADE /* Resources */ = {
			isa = PBXResourcesBuildPhase;
			buildActionMask = 2147483647;
			files = (
				946A37B91A22D7DC005A5ADE /* Main.storyboard in Resources */,
				946A37A31A22D669005A5ADE /* LaunchScreen.xib in Resources */,
				946A37A01A22D669005A5ADE /* Images.xcassets in Resources */,
			);
			runOnlyForDeploymentPostprocessing = 0;
		};
		946A37A61A22D669005A5ADE /* Resources */ = {
			isa = PBXResourcesBuildPhase;
			buildActionMask = 2147483647;
			files = (
			);
			runOnlyForDeploymentPostprocessing = 0;
		};
/* End PBXResourcesBuildPhase section */

/* Begin PBXSourcesBuildPhase section */
		946A378C1A22D668005A5ADE /* Sources */ = {
			isa = PBXSourcesBuildPhase;
			buildActionMask = 2147483647;
			files = (
				946A37C11A231495005A5ADE /* Trip.swift in Sources */,
				946A37BB1A22E50D005A5ADE /* TripListTableViewController.swift in Sources */,
				946A37C31A234132005A5ADE /* TripDataModel.swift in Sources */,
				946A37BD1A22E527005A5ADE /* TripViewController.swift in Sources */,
				946A37991A22D669005A5ADE /* travel_expense.xcdatamodeld in Sources */,
				946A37961A22D669005A5ADE /* AppDelegate.swift in Sources */,
				9CE7DCA41A2562AC00968DB8 /* GraphTheme.swift in Sources */,
				9CEDFEEA1A251B1C003AC502 /* PieChartViewController.swift in Sources */,
				946A37C51A234B82005A5ADE /* ReportViewController.swift in Sources */,
			);
			runOnlyForDeploymentPostprocessing = 0;
		};
		946A37A41A22D669005A5ADE /* Sources */ = {
			isa = PBXSourcesBuildPhase;
			buildActionMask = 2147483647;
			files = (
				946A37AF1A22D669005A5ADE /* travel_expenseTests.swift in Sources */,
			);
			runOnlyForDeploymentPostprocessing = 0;
		};
/* End PBXSourcesBuildPhase section */

/* Begin PBXTargetDependency section */
		946A37AA1A22D669005A5ADE /* PBXTargetDependency */ = {
			isa = PBXTargetDependency;
			target = 946A378F1A22D668005A5ADE /* travel-expense */;
			targetProxy = 946A37A91A22D669005A5ADE /* PBXContainerItemProxy */;
		};
/* End PBXTargetDependency section */

/* Begin PBXVariantGroup section */
		946A37A11A22D669005A5ADE /* LaunchScreen.xib */ = {
			isa = PBXVariantGroup;
			children = (
				946A37A21A22D669005A5ADE /* Base */,
			);
			name = LaunchScreen.xib;
			sourceTree = "<group>";
		};
/* End PBXVariantGroup section */

/* Begin XCBuildConfiguration section */
		946A37B01A22D669005A5ADE /* Debug */ = {
			isa = XCBuildConfiguration;
			buildSettings = {
				ALWAYS_SEARCH_USER_PATHS = NO;
				CLANG_CXX_LANGUAGE_STANDARD = "gnu++0x";
				CLANG_CXX_LIBRARY = "libc++";
				CLANG_ENABLE_MODULES = YES;
				CLANG_ENABLE_OBJC_ARC = YES;
				CLANG_WARN_BOOL_CONVERSION = YES;
				CLANG_WARN_CONSTANT_CONVERSION = YES;
				CLANG_WARN_DIRECT_OBJC_ISA_USAGE = YES_ERROR;
				CLANG_WARN_EMPTY_BODY = YES;
				CLANG_WARN_ENUM_CONVERSION = YES;
				CLANG_WARN_INT_CONVERSION = YES;
				CLANG_WARN_OBJC_ROOT_CLASS = YES_ERROR;
				CLANG_WARN_UNREACHABLE_CODE = YES;
				CLANG_WARN__DUPLICATE_METHOD_MATCH = YES;
				"CODE_SIGN_IDENTITY[sdk=iphoneos*]" = "iPhone Developer";
				COPY_PHASE_STRIP = NO;
				ENABLE_STRICT_OBJC_MSGSEND = YES;
				GCC_C_LANGUAGE_STANDARD = gnu99;
				GCC_DYNAMIC_NO_PIC = NO;
				GCC_OPTIMIZATION_LEVEL = 0;
				GCC_PREPROCESSOR_DEFINITIONS = (
					"DEBUG=1",
					"$(inherited)",
				);
				GCC_SYMBOLS_PRIVATE_EXTERN = NO;
				GCC_WARN_64_TO_32_BIT_CONVERSION = YES;
				GCC_WARN_ABOUT_RETURN_TYPE = YES_ERROR;
				GCC_WARN_UNDECLARED_SELECTOR = YES;
				GCC_WARN_UNINITIALIZED_AUTOS = YES_AGGRESSIVE;
				GCC_WARN_UNUSED_FUNCTION = YES;
				GCC_WARN_UNUSED_VARIABLE = YES;
				IPHONEOS_DEPLOYMENT_TARGET = 8.1;
				MTL_ENABLE_DEBUG_INFO = YES;
				ONLY_ACTIVE_ARCH = YES;
				SDKROOT = iphoneos;
				SWIFT_OPTIMIZATION_LEVEL = "-Onone";
			};
			name = Debug;
		};
		946A37B11A22D669005A5ADE /* Release */ = {
			isa = XCBuildConfiguration;
			buildSettings = {
				ALWAYS_SEARCH_USER_PATHS = NO;
				CLANG_CXX_LANGUAGE_STANDARD = "gnu++0x";
				CLANG_CXX_LIBRARY = "libc++";
				CLANG_ENABLE_MODULES = YES;
				CLANG_ENABLE_OBJC_ARC = YES;
				CLANG_WARN_BOOL_CONVERSION = YES;
				CLANG_WARN_CONSTANT_CONVERSION = YES;
				CLANG_WARN_DIRECT_OBJC_ISA_USAGE = YES_ERROR;
				CLANG_WARN_EMPTY_BODY = YES;
				CLANG_WARN_ENUM_CONVERSION = YES;
				CLANG_WARN_INT_CONVERSION = YES;
				CLANG_WARN_OBJC_ROOT_CLASS = YES_ERROR;
				CLANG_WARN_UNREACHABLE_CODE = YES;
				CLANG_WARN__DUPLICATE_METHOD_MATCH = YES;
				"CODE_SIGN_IDENTITY[sdk=iphoneos*]" = "iPhone Developer";
				COPY_PHASE_STRIP = YES;
				ENABLE_NS_ASSERTIONS = NO;
				ENABLE_STRICT_OBJC_MSGSEND = YES;
				GCC_C_LANGUAGE_STANDARD = gnu99;
				GCC_WARN_64_TO_32_BIT_CONVERSION = YES;
				GCC_WARN_ABOUT_RETURN_TYPE = YES_ERROR;
				GCC_WARN_UNDECLARED_SELECTOR = YES;
				GCC_WARN_UNINITIALIZED_AUTOS = YES_AGGRESSIVE;
				GCC_WARN_UNUSED_FUNCTION = YES;
				GCC_WARN_UNUSED_VARIABLE = YES;
				IPHONEOS_DEPLOYMENT_TARGET = 8.1;
				MTL_ENABLE_DEBUG_INFO = NO;
				SDKROOT = iphoneos;
				VALIDATE_PRODUCT = YES;
			};
			name = Release;
		};
		946A37B31A22D669005A5ADE /* Debug */ = {
			isa = XCBuildConfiguration;
			buildSettings = {
				ASSETCATALOG_COMPILER_APPICON_NAME = AppIcon;
				EMBEDDED_CONTENT_CONTAINS_SWIFT = YES;
				INFOPLIST_FILE = "travel-expense/Info.plist";
				IPHONEOS_DEPLOYMENT_TARGET = 8.0;
				LD_RUNPATH_SEARCH_PATHS = "$(inherited) @executable_path/Frameworks";
				OTHER_LDFLAGS = (
					"-ObjC",
					"-all_load",
				);
				PRODUCT_NAME = "$(TARGET_NAME)";
				SWIFT_OBJC_BRIDGING_HEADER = "travel-expense/travel_expense_bridge_header.h";
				USER_HEADER_SEARCH_PATHS = "$(PROJECT_DIR)/framework/**";
			};
			name = Debug;
		};
		946A37B41A22D669005A5ADE /* Release */ = {
			isa = XCBuildConfiguration;
			buildSettings = {
				ASSETCATALOG_COMPILER_APPICON_NAME = AppIcon;
				EMBEDDED_CONTENT_CONTAINS_SWIFT = YES;
				INFOPLIST_FILE = "travel-expense/Info.plist";
				IPHONEOS_DEPLOYMENT_TARGET = 8.0;
				LD_RUNPATH_SEARCH_PATHS = "$(inherited) @executable_path/Frameworks";
				OTHER_LDFLAGS = (
					"-ObjC",
					"-all_load",
				);
				PRODUCT_NAME = "$(TARGET_NAME)";
				SWIFT_OBJC_BRIDGING_HEADER = "travel-expense/travel_expense_bridge_header.h";
				USER_HEADER_SEARCH_PATHS = "$(PROJECT_DIR)/framework/**";
			};
			name = Release;
		};
		946A37B61A22D669005A5ADE /* Debug */ = {
			isa = XCBuildConfiguration;
			buildSettings = {
				BUNDLE_LOADER = "$(TEST_HOST)";
				FRAMEWORK_SEARCH_PATHS = (
					"$(SDKROOT)/Developer/Library/Frameworks",
					"$(inherited)",
				);
				GCC_PREPROCESSOR_DEFINITIONS = (
					"DEBUG=1",
					"$(inherited)",
				);
				INFOPLIST_FILE = "travel-expenseTests/Info.plist";
				LD_RUNPATH_SEARCH_PATHS = "$(inherited) @executable_path/Frameworks @loader_path/Frameworks";
				PRODUCT_NAME = "$(TARGET_NAME)";
				TEST_HOST = "$(BUILT_PRODUCTS_DIR)/travel-expense.app/travel-expense";
			};
			name = Debug;
		};
		946A37B71A22D669005A5ADE /* Release */ = {
			isa = XCBuildConfiguration;
			buildSettings = {
				BUNDLE_LOADER = "$(TEST_HOST)";
				FRAMEWORK_SEARCH_PATHS = (
					"$(SDKROOT)/Developer/Library/Frameworks",
					"$(inherited)",
				);
				INFOPLIST_FILE = "travel-expenseTests/Info.plist";
				LD_RUNPATH_SEARCH_PATHS = "$(inherited) @executable_path/Frameworks @loader_path/Frameworks";
				PRODUCT_NAME = "$(TARGET_NAME)";
				TEST_HOST = "$(BUILT_PRODUCTS_DIR)/travel-expense.app/travel-expense";
			};
			name = Release;
		};
/* End XCBuildConfiguration section */

/* Begin XCConfigurationList section */
		946A378B1A22D668005A5ADE /* Build configuration list for PBXProject "travel-expense" */ = {
			isa = XCConfigurationList;
			buildConfigurations = (
				946A37B01A22D669005A5ADE /* Debug */,
				946A37B11A22D669005A5ADE /* Release */,
			);
			defaultConfigurationIsVisible = 0;
			defaultConfigurationName = Release;
		};
		946A37B21A22D669005A5ADE /* Build configuration list for PBXNativeTarget "travel-expense" */ = {
			isa = XCConfigurationList;
			buildConfigurations = (
				946A37B31A22D669005A5ADE /* Debug */,
				946A37B41A22D669005A5ADE /* Release */,
			);
			defaultConfigurationIsVisible = 0;
			defaultConfigurationName = Release;
		};
		946A37B51A22D669005A5ADE /* Build configuration list for PBXNativeTarget "travel-expenseTests" */ = {
			isa = XCConfigurationList;
			buildConfigurations = (
				946A37B61A22D669005A5ADE /* Debug */,
				946A37B71A22D669005A5ADE /* Release */,
			);
			defaultConfigurationIsVisible = 0;
			defaultConfigurationName = Release;
		};
/* End XCConfigurationList section */

/* Begin XCVersionGroup section */
		946A37971A22D669005A5ADE /* travel_expense.xcdatamodeld */ = {
			isa = XCVersionGroup;
			children = (
				946A37981A22D669005A5ADE /* travel_expense.xcdatamodel */,
			);
			currentVersion = 946A37981A22D669005A5ADE /* travel_expense.xcdatamodel */;
			path = travel_expense.xcdatamodeld;
			sourceTree = "<group>";
			versionGroupType = wrapper.xcdatamodel;
		};
/* End XCVersionGroup section */
	};
	rootObject = 946A37881A22D668005A5ADE /* Project object */;
}
